
Microsoft Visual Studio Solution File, Format Version 12.00
# Visual Studio Version 17
VisualStudioVersion = 17.8.34330.188
MinimumVisualStudioVersion = 10.0.40219.1
Project("{888888A0-9F3D-457C-B088-3A5042F75D52}") = "IterationAndRecursion", "IterationAndRecursion\IterationAndRecursion.pyproj", "{022A65F5-33BC-4A33-94C4-B4C1E3ADBD4A}"
EndProject
Global
	GlobalSection(SolutionConfigurationPlatforms) = preSolution
		Debug|Any CPU = Debug|Any CPU
		Release|Any CPU = Release|Any CPU
	EndGlobalSection
	GlobalSection(ProjectConfigurationPlatforms) = postSolution
		{022A65F5-33BC-4A33-94C4-B4C1E3ADBD4A}.Debug|Any CPU.ActiveCfg = Debug|Any CPU
		{022A65F5-33BC-4A33-94C4-B4C1E3ADBD4A}.Release|Any CPU.ActiveCfg = Release|Any CPU
	EndGlobalSection
	GlobalSection(SolutionProperties) = preSolution
		HideSolutionNode = FALSE
	EndGlobalSection
	GlobalSection(ExtensibilityGlobals) = postSolution
		SolutionGuid = {736809AA-0DC1-4F1E-965E-C12D9D8588EA}
	EndGlobalSection
EndGlobal
